# THIS IS AN AUTOGENERATED FILE. DO NOT EDIT THIS FILE DIRECTLY.
# yarn lockfile v1


ansi-styles@^3.2.1:
  version "3.2.1"
  resolved "https://registry.npmjs.org/ansi-styles/-/ansi-styles-3.2.1.tgz#41fbb20243e50b12be0f04b8dedbf07520ce841d"
  dependencies:
    color-convert "^1.9.0"

babel-runtime@^6.26.0:
  version "6.26.0"
  resolved "https://registry.npmjs.org/babel-runtime/-/babel-runtime-6.26.0.tgz#965c7058668e82b55d7bfe04ff2337bc8b5647fe"
  dependencies:
    core-js "^2.4.0"
    regenerator-runtime "^0.11.0"

chalk@^2.4.1:
  version "2.4.1"
  resolved "https://registry.npmjs.org/chalk/-/chalk-2.4.1.tgz#18c49ab16a037b6eb0152cc83e3471338215b66e"
  dependencies:
    ansi-styles "^3.2.1"
    escape-string-regexp "^1.0.5"
    supports-color "^5.3.0"

color-convert@^1.9.0:
  version "1.9.2"
  resolved "https://registry.npmjs.org/color-convert/-/color-convert-1.9.2.tgz#49881b8fba67df12a96bdf3f56c0aab9e7913147"
  dependencies:
    color-name "1.1.1"

color-name@1.1.1:
  version "1.1.1"
  resolved "https://registry.npmjs.org/color-name/-/color-name-1.1.1.tgz#4b1415304cf50028ea81643643bd82ea05803689"

core-js@^2.4.0:
  version "2.5.7"
  resolved "https://registry.npmjs.org/core-js/-/core-js-2.5.7.tgz#f972608ff0cead68b841a16a932d0b183791814e"

css-value@^0.0.1:
  version "0.0.1"
  resolved "https://registry.npmjs.org/css-value/-/css-value-0.0.1.tgz#5efd6c2eea5ea1fd6b6ac57ec0427b18452424ea"

cssnano-util-get-match@^4.0.0:
  version "4.0.0"
  resolved "https://registry.npmjs.org/cssnano-util-get-match/-/cssnano-util-get-match-4.0.0.tgz#c0e4ca07f5386bb17ec5e52250b4f5961365156d"

escape-string-regexp@^1.0.5:
  version "1.0.5"
  resolved "https://registry.npmjs.org/escape-string-regexp/-/escape-string-regexp-1.0.5.tgz#1b61c0562190a8dff6ae3bb2cf0200ca130b86d4"

function-bind@^1.1.1:
  version "1.1.1"
  resolved "https://registry.npmjs.org/function-bind/-/function-bind-1.1.1.tgz#a56899d3ea3c9bab874bb9773b7c5ede92f4895d"

has-flag@^3.0.0:
  version "3.0.0"
  resolved "https://registry.npmjs.org/has-flag/-/has-flag-3.0.0.tgz#b5d454dc2199ae225699f3467e5a07f3b955bafd"

has@^1.0.0:
  version "1.0.3"
  resolved "https://registry.npmjs.org/has/-/has-1.0.3.tgz#722d7cbfc1f6aa8241f16dd814e011e1f41e8796"
  dependencies:
    function-bind "^1.1.1"

lodash@^4.17.10:
  version "4.17.10"
  resolved "https://registry.npmjs.org/lodash/-/lodash-4.17.10.tgz#1b7793cf7259ea38fb3661d4d38b3260af8ae4e7"

postcss-reduce-transforms@^4.0.0:
  version "4.0.0"
  resolved "https://registry.npmjs.org/postcss-reduce-transforms/-/postcss-reduce-transforms-4.0.0.tgz#f645fc7440c35274f40de8104e14ad7163edf188"
  dependencies:
    cssnano-util-get-match "^4.0.0"
    has "^1.0.0"
    postcss "^6.0.0"
    postcss-value-parser "^3.0.0"

postcss-safe-parser@^4.0.1:
  version "4.0.1"
  resolved "https://registry.npmjs.org/postcss-safe-parser/-/postcss-safe-parser-4.0.1.tgz#8756d9e4c36fdce2c72b091bbc8ca176ab1fcdea"
  dependencies:
    postcss "^7.0.0"

postcss-value-parser@^3.0.0, postcss-value-parser@^3.3.0:
  version "3.3.0"
  resolved "https://registry.npmjs.org/postcss-value-parser/-/postcss-value-parser-3.3.0.tgz#87f38f9f18f774a4ab4c8a232f5c5ce8872a9d15"

postcss@^6.0.0:
  version "6.0.23"
  resolved "https://registry.npmjs.org/postcss/-/postcss-6.0.23.tgz#61c82cc328ac60e677645f979054eb98bc0e3324"
  dependencies:
    chalk "^2.4.1"
    source-map "^0.6.1"
    supports-color "^5.4.0"

postcss@^7.0.0, postcss@^7.0.2:
  version "7.0.2"
  resolved "https://registry.npmjs.org/postcss/-/postcss-7.0.2.tgz#7b5a109de356804e27f95a960bef0e4d5bc9bb18"
  dependencies:
    chalk "^2.4.1"
    source-map "^0.6.1"
    supports-color "^5.4.0"

regenerator-runtime@^0.11.0:
  version "0.11.1"
  resolved "https://registry.npmjs.org/regenerator-runtime/-/regenerator-runtime-0.11.1.tgz#be05ad7f9bf7d22e056f9726cee5017fbf19e2e9"

source-map@^0.6.1:
  version "0.6.1"
  resolved "https://registry.npmjs.org/source-map/-/source-map-0.6.1.tgz#74722af32e9614e9c287a8d0bbde48b5e2f1a263"

sprite-math@^1.0.4:
  version "1.0.4"
  resolved "https://registry.npmjs.org/sprite-math/-/sprite-math-1.0.4.tgz#f2ddc98b911d78f6b99828f5cede6166a75058f7"
  dependencies:
    babel-runtime "^6.26.0"

supports-color@^5.3.0, supports-color@^5.4.0:
  version "5.5.0"
  resolved "https://registry.npmjs.org/supports-color/-/supports-color-5.5.0.tgz#e2e69a44ac8772f78a1ec0b35b689df6530efc8f"
  dependencies:
    has-flag "^3.0.0"
